// !$*UTF8*$!
{
	archiveVersion = 1;
	classes = {
	};
	objectVersion = 55;
	objects = {

/* Begin PBXBuildFile section */
		F907C6F12867144E0049F4CB /* ResponseJson.swift in Sources */ = {isa = PBXBuildFile; fileRef = F907C6F02867144E0049F4CB /* ResponseJson.swift */; };
		F9149C4C285E456300676DCB /* AppDelegate.swift in Sources */ = {isa = PBXBuildFile; fileRef = F9149C4B285E456300676DCB /* AppDelegate.swift */; };
		F9149C4E285E456300676DCB /* SceneDelegate.swift in Sources */ = {isa = PBXBuildFile; fileRef = F9149C4D285E456300676DCB /* SceneDelegate.swift */; };
		F9149C50285E456300676DCB /* ViewController.swift in Sources */ = {isa = PBXBuildFile; fileRef = F9149C4F285E456300676DCB /* ViewController.swift */; };
		F9149C53285E456300676DCB /* Main.storyboard in Resources */ = {isa = PBXBuildFile; fileRef = F9149C51285E456300676DCB /* Main.storyboard */; };
		F9149C56285E456300676DCB /* travelguide.xcdatamodeld in Sources */ = {isa = PBXBuildFile; fileRef = F9149C54285E456300676DCB /* travelguide.xcdatamodeld */; };
		F9149C58285E456400676DCB /* Assets.xcassets in Resources */ = {isa = PBXBuildFile; fileRef = F9149C57285E456400676DCB /* Assets.xcassets */; };
		F9149C5B285E456400676DCB /* LaunchScreen.storyboard in Resources */ = {isa = PBXBuildFile; fileRef = F9149C59285E456400676DCB /* LaunchScreen.storyboard */; };
		F9149C63285E692700676DCB /* FirstViewController.swift in Sources */ = {isa = PBXBuildFile; fileRef = F9149C62285E692700676DCB /* FirstViewController.swift */; };
		F91589C9286355670018181C /* PharmacyFinder.swift in Sources */ = {isa = PBXBuildFile; fileRef = F91589C8286355670018181C /* PharmacyFinder.swift */; };
		F97E350D286C9F84003146F2 /* eczane.json in Resources */ = {isa = PBXBuildFile; fileRef = F97E350C286C9F84003146F2 /* eczane.json */; };
		F9F93C95286736D0001E103A /* TurkishConverter.swift in Sources */ = {isa = PBXBuildFile; fileRef = F9F93C94286736D0001E103A /* TurkishConverter.swift */; };
		F9F93C97286760BF001E103A /* PharmacyFoundedData.swift in Sources */ = {isa = PBXBuildFile; fileRef = F9F93C96286760BF001E103A /* PharmacyFoundedData.swift */; };
		F9F93C9928676BCD001E103A /* Location.swift in Sources */ = {isa = PBXBuildFile; fileRef = F9F93C9828676BCD001E103A /* Location.swift */; };
/* End PBXBuildFile section */

/* Begin PBXFileReference section */
		F907C6F02867144E0049F4CB /* ResponseJson.swift */ = {isa = PBXFileReference; lastKnownFileType = sourcecode.swift; path = ResponseJson.swift; sourceTree = "<group>"; };
		F9149C48285E456300676DCB /* travelguide.app */ = {isa = PBXFileReference; explicitFileType = wrapper.application; includeInIndex = 0; path = travelguide.app; sourceTree = BUILT_PRODUCTS_DIR; };
		F9149C4B285E456300676DCB /* AppDelegate.swift */ = {isa = PBXFileReference; lastKnownFileType = sourcecode.swift; path = AppDelegate.swift; sourceTree = "<group>"; };
		F9149C4D285E456300676DCB /* SceneDelegate.swift */ = {isa = PBXFileReference; lastKnownFileType = sourcecode.swift; path = SceneDelegate.swift; sourceTree = "<group>"; };
		F9149C4F285E456300676DCB /* ViewController.swift */ = {isa = PBXFileReference; lastKnownFileType = sourcecode.swift; path = ViewController.swift; sourceTree = "<group>"; };
		F9149C52285E456300676DCB /* Base */ = {isa = PBXFileReference; lastKnownFileType = file.storyboard; name = Base; path = Base.lproj/Main.storyboard; sourceTree = "<group>"; };
		F9149C55285E456300676DCB /* travelguide.xcdatamodel */ = {isa = PBXFileReference; lastKnownFileType = wrapper.xcdatamodel; path = travelguide.xcdatamodel; sourceTree = "<group>"; };
		F9149C57285E456400676DCB /* Assets.xcassets */ = {isa = PBXFileReference; lastKnownFileType = folder.assetcatalog; path = Assets.xcassets; sourceTree = "<group>"; };
		F9149C5A285E456400676DCB /* Base */ = {isa = PBXFileReference; lastKnownFileType = file.storyboard; name = Base; path = Base.lproj/LaunchScreen.storyboard; sourceTree = "<group>"; };
		F9149C5C285E456400676DCB /* Info.plist */ = {isa = PBXFileReference; lastKnownFileType = text.plist.xml; path = Info.plist; sourceTree = "<group>"; };
		F9149C62285E692700676DCB /* FirstViewController.swift */ = {isa = PBXFileReference; lastKnownFileType = sourcecode.swift; path = FirstViewController.swift; sourceTree = "<group>"; };
		F91589C8286355670018181C /* PharmacyFinder.swift */ = {isa = PBXFileReference; lastKnownFileType = sourcecode.swift; path = PharmacyFinder.swift; sourceTree = "<group>"; };
		F97E350B286C8C6D003146F2 /* bursa.gpx */ = {isa = PBXFileReference; lastKnownFileType = text.xml; path = bursa.gpx; sourceTree = "<group>"; };
		F97E350C286C9F84003146F2 /* eczane.json */ = {isa = PBXFileReference; lastKnownFileType = text.json; path = eczane.json; sourceTree = "<group>"; };
		F9F93C94286736D0001E103A /* TurkishConverter.swift */ = {isa = PBXFileReference; lastKnownFileType = sourcecode.swift; path = TurkishConverter.swift; sourceTree = "<group>"; };
		F9F93C96286760BF001E103A /* PharmacyFoundedData.swift */ = {isa = PBXFileReference; lastKnownFileType = sourcecode.swift; path = PharmacyFoundedData.swift; sourceTree = "<group>"; };
		F9F93C9828676BCD001E103A /* Location.swift */ = {isa = PBXFileReference; lastKnownFileType = sourcecode.swift; path = Location.swift; sourceTree = "<group>"; };
/* End PBXFileReference section */

/* Begin PBXFrameworksBuildPhase section */
		F9149C45285E456300676DCB /* Frameworks */ = {
			isa = PBXFrameworksBuildPhase;
			buildActionMask = 2147483647;
			files = (
			);
			runOnlyForDeploymentPostprocessing = 0;
		};
/* End PBXFrameworksBuildPhase section */

/* Begin PBXGroup section */
		F9149C3F285E456300676DCB = {
			isa = PBXGroup;
			children = (
				F97E350C286C9F84003146F2 /* eczane.json */,
				F97E350B286C8C6D003146F2 /* bursa.gpx */,
				F9149C4A285E456300676DCB /* travelguide */,
				F9149C49285E456300676DCB /* Products */,
			);
			sourceTree = "<group>";
		};
		F9149C49285E456300676DCB /* Products */ = {
			isa = PBXGroup;
			children = (
				F9149C48285E456300676DCB /* travelguide.app */,
			);
			name = Products;
			sourceTree = "<group>";
		};
		F9149C4A285E456300676DCB /* travelguide */ = {
			isa = PBXGroup;
			children = (
				F9149C4B285E456300676DCB /* AppDelegate.swift */,
				F9149C4D285E456300676DCB /* SceneDelegate.swift */,
				F97E3508286C47D9003146F2 /* Model */,
				F97E3507286C47C6003146F2 /* View */,
				F97E3509286C47FB003146F2 /* Controller */,
				F9149C57285E456400676DCB /* Assets.xcassets */,
				F9149C5C285E456400676DCB /* Info.plist */,
				F9149C54285E456300676DCB /* travelguide.xcdatamodeld */,
			);
			path = travelguide;
			sourceTree = "<group>";
		};
		F97E3507286C47C6003146F2 /* View */ = {
			isa = PBXGroup;
			children = (
				F9149C59285E456400676DCB /* LaunchScreen.storyboard */,
				F9149C51285E456300676DCB /* Main.storyboard */,
			);
			path = View;
			sourceTree = "<group>";
		};
		F97E3508286C47D9003146F2 /* Model */ = {
			isa = PBXGroup;
			children = (
				F91589C8286355670018181C /* PharmacyFinder.swift */,
				F9F93C9828676BCD001E103A /* Location.swift */,
				F9F93C96286760BF001E103A /* PharmacyFoundedData.swift */,
				F9F93C94286736D0001E103A /* TurkishConverter.swift */,
				F907C6F02867144E0049F4CB /* ResponseJson.swift */,
			);
			path = Model;
			sourceTree = "<group>";
		};
		F97E3509286C47FB003146F2 /* Controller */ = {
			isa = PBXGroup;
			children = (
				F9149C4F285E456300676DCB /* ViewController.swift */,
				F9149C62285E692700676DCB /* FirstViewController.swift */,
			);
			path = Controller;
			sourceTree = "<group>";
		};
/* End PBXGroup section */

/* Begin PBXNativeTarget section */
		F9149C47285E456300676DCB /* travelguide */ = {
			isa = PBXNativeTarget;
			buildConfigurationList = F9149C5F285E456400676DCB /* Build configuration list for PBXNativeTarget "travelguide" */;
			buildPhases = (
				F9149C44285E456300676DCB /* Sources */,
				F9149C45285E456300676DCB /* Frameworks */,
				F9149C46285E456300676DCB /* Resources */,
			);
			buildRules = (
			);
			dependencies = (
			);
			name = travelguide;
			productName = travelguide;
			productReference = F9149C48285E456300676DCB /* travelguide.app */;
			productType = "com.apple.product-type.application";
		};
/* End PBXNativeTarget section */

/* Begin PBXProject section */
		F9149C40285E456300676DCB /* Project object */ = {
			isa = PBXProject;
			attributes = {
				BuildIndependentTargetsInParallel = 1;
				LastSwiftUpdateCheck = 1320;
				LastUpgradeCheck = 1320;
				TargetAttributes = {
					F9149C47285E456300676DCB = {
						CreatedOnToolsVersion = 13.2.1;
					};
				};
			};
			buildConfigurationList = F9149C43285E456300676DCB /* Build configuration list for PBXProject "travelguide" */;
			compatibilityVersion = "Xcode 13.0";
			developmentRegion = en;
			hasScannedForEncodings = 0;
			knownRegions = (
				en,
				Base,
			);
			mainGroup = F9149C3F285E456300676DCB;
			productRefGroup = F9149C49285E456300676DCB /* Products */;
			projectDirPath = "";
			projectRoot = "";
			targets = (
				F9149C47285E456300676DCB /* travelguide */,
			);
		};
/* End PBXProject section */

/* Begin PBXResourcesBuildPhase section */
		F9149C46285E456300676DCB /* Resources */ = {
			isa = PBXResourcesBuildPhase;
			buildActionMask = 2147483647;
			files = (
				F97E350D286C9F84003146F2 /* eczane.json in Resources */,
				F9149C5B285E456400676DCB /* LaunchScreen.storyboard in Resources */,
				F9149C58285E456400676DCB /* Assets.xcassets in Resources */,
				F9149C53285E456300676DCB /* Main.storyboard in Resources */,
			);
			runOnlyForDeploymentPostprocessing = 0;
		};
/* End PBXResourcesBuildPhase section */

/* Begin PBXSourcesBuildPhase section */
		F9149C44285E456300676DCB /* Sources */ = {
			isa = PBXSourcesBuildPhase;
			buildActionMask = 2147483647;
			files = (
				F91589C9286355670018181C /* PharmacyFinder.swift in Sources */,
				F907C6F12867144E0049F4CB /* ResponseJson.swift in Sources */,
				F9F93C9928676BCD001E103A /* Location.swift in Sources */,
				F9149C63285E692700676DCB /* FirstViewController.swift in Sources */,
				F9F93C95286736D0001E103A /* TurkishConverter.swift in Sources */,
				F9149C56285E456300676DCB /* travelguide.xcdatamodeld in Sources */,
				F9149C50285E456300676DCB /* ViewController.swift in Sources */,
				F9149C4C285E456300676DCB /* AppDelegate.swift in Sources */,
				F9149C4E285E456300676DCB /* SceneDelegate.swift in Sources */,
				F9F93C97286760BF001E103A /* PharmacyFoundedData.swift in Sources */,
			);
			runOnlyForDeploymentPostprocessing = 0;
		};
/* End PBXSourcesBuildPhase section */

/* Begin PBXVariantGroup section */
		F9149C51285E456300676DCB /* Main.storyboard */ = {
			isa = PBXVariantGroup;
			children = (
				F9149C52285E456300676DCB /* Base */,
			);
			name = Main.storyboard;
			sourceTree = "<group>";
		};
		F9149C59285E456400676DCB /* LaunchScreen.storyboard */ = {
			isa = PBXVariantGroup;
			children = (
				F9149C5A285E456400676DCB /* Base */,
			);
			name = LaunchScreen.storyboard;
			sourceTree = "<group>";
		};
/* End PBXVariantGroup section */

/* Begin XCBuildConfiguration section */
		F9149C5D285E456400676DCB /* Debug */ = {
			isa = XCBuildConfiguration;
			buildSettings = {
				ALWAYS_SEARCH_USER_PATHS = NO;
				CLANG_ANALYZER_NONNULL = YES;
				CLANG_ANALYZER_NUMBER_OBJECT_CONVERSION = YES_AGGRESSIVE;
				CLANG_CXX_LANGUAGE_STANDARD = "gnu++17";
				CLANG_CXX_LIBRARY = "libc++";
				CLANG_ENABLE_MODULES = YES;
				CLANG_ENABLE_OBJC_ARC = YES;
				CLANG_ENABLE_OBJC_WEAK = YES;
				CLANG_WARN_BLOCK_CAPTURE_AUTORELEASING = YES;
				CLANG_WARN_BOOL_CONVERSION = YES;
				CLANG_WARN_COMMA = YES;
				CLANG_WARN_CONSTANT_CONVERSION = YES;
				CLANG_WARN_DEPRECATED_OBJC_IMPLEMENTATIONS = YES;
				CLANG_WARN_DIRECT_OBJC_ISA_USAGE = YES_ERROR;
				CLANG_WARN_DOCUMENTATION_COMMENTS = YES;
				CLANG_WARN_EMPTY_BODY = YES;
				CLANG_WARN_ENUM_CONVERSION = YES;
				CLANG_WARN_INFINITE_RECURSION = YES;
				CLANG_WARN_INT_CONVERSION = YES;
				CLANG_WARN_NON_LITERAL_NULL_CONVERSION = YES;
				CLANG_WARN_OBJC_IMPLICIT_RETAIN_SELF = YES;
				CLANG_WARN_OBJC_LITERAL_CONVERSION = YES;
				CLANG_WARN_OBJC_ROOT_CLASS = YES_ERROR;
				CLANG_WARN_QUOTED_INCLUDE_IN_FRAMEWORK_HEADER = YES;
				CLANG_WARN_RANGE_LOOP_ANALYSIS = YES;
				CLANG_WARN_STRICT_PROTOTYPES = YES;
				CLANG_WARN_SUSPICIOUS_MOVE = YES;
				CLANG_WARN_UNGUARDED_AVAILABILITY = YES_AGGRESSIVE;
				CLANG_WARN_UNREACHABLE_CODE = YES;
				CLANG_WARN__DUPLICATE_METHOD_MATCH = YES;
				COPY_PHASE_STRIP = NO;
				DEBUG_INFORMATION_FORMAT = dwarf;
				ENABLE_STRICT_OBJC_MSGSEND = YES;
				ENABLE_TESTABILITY = YES;
				GCC_C_LANGUAGE_STANDARD = gnu11;
				GCC_DYNAMIC_NO_PIC = NO;
				GCC_NO_COMMON_BLOCKS = YES;
				GCC_OPTIMIZATION_LEVEL = 0;
				GCC_PREPROCESSOR_DEFINITIONS = (
					"DEBUG=1",
					"$(inherited)",
				);
				GCC_WARN_64_TO_32_BIT_CONVERSION = YES;
				GCC_WARN_ABOUT_RETURN_TYPE = YES_ERROR;
				GCC_WARN_UNDECLARED_SELECTOR = YES;
				GCC_WARN_UNINITIALIZED_AUTOS = YES_AGGRESSIVE;
				GCC_WARN_UNUSED_FUNCTION = YES;
				GCC_WARN_UNUSED_VARIABLE = YES;
				IPHONEOS_DEPLOYMENT_TARGET = 15.2;
				MTL_ENABLE_DEBUG_INFO = INCLUDE_SOURCE;
				MTL_FAST_MATH = YES;
				ONLY_ACTIVE_ARCH = YES;
				SDKROOT = iphoneos;
				SWIFT_ACTIVE_COMPILATION_CONDITIONS = DEBUG;
				SWIFT_OPTIMIZATION_LEVEL = "-Onone";
			};
			name = Debug;
		};
		F9149C5E285E456400676DCB /* Release */ = {
			isa = XCBuildConfiguration;
			buildSettings = {
				ALWAYS_SEARCH_USER_PATHS = NO;
				CLANG_ANALYZER_NONNULL = YES;
				CLANG_ANALYZER_NUMBER_OBJECT_CONVERSION = YES_AGGRESSIVE;
				CLANG_CXX_LANGUAGE_STANDARD = "gnu++17";
				CLANG_CXX_LIBRARY = "libc++";
				CLANG_ENABLE_MODULES = YES;
				CLANG_ENABLE_OBJC_ARC = YES;
				CLANG_ENABLE_OBJC_WEAK = YES;
				CLANG_WARN_BLOCK_CAPTURE_AUTORELEASING = YES;
				CLANG_WARN_BOOL_CONVERSION = YES;
				CLANG_WARN_COMMA = YES;
				CLANG_WARN_CONSTANT_CONVERSION = YES;
				CLANG_WARN_DEPRECATED_OBJC_IMPLEMENTATIONS = YES;
				CLANG_WARN_DIRECT_OBJC_ISA_USAGE = YES_ERROR;
				CLANG_WARN_DOCUMENTATION_COMMENTS = YES;
				CLANG_WARN_EMPTY_BODY = YES;
				CLANG_WARN_ENUM_CONVERSION = YES;
				CLANG_WARN_INFINITE_RECURSION = YES;
				CLANG_WARN_INT_CONVERSION = YES;
				CLANG_WARN_NON_LITERAL_NULL_CONVERSION = YES;
				CLANG_WARN_OBJC_IMPLICIT_RETAIN_SELF = YES;
				CLANG_WARN_OBJC_LITERAL_CONVERSION = YES;
				CLANG_WARN_OBJC_ROOT_CLASS = YES_ERROR;
				CLANG_WARN_QUOTED_INCLUDE_IN_FRAMEWORK_HEADER = YES;
				CLANG_WARN_RANGE_LOOP_ANALYSIS = YES;
				CLANG_WARN_STRICT_PROTOTYPES = YES;
				CLANG_WARN_SUSPICIOUS_MOVE = YES;
				CLANG_WARN_UNGUARDED_AVAILABILITY = YES_AGGRESSIVE;
				CLANG_WARN_UNREACHABLE_CODE = YES;
				CLANG_WARN__DUPLICATE_METHOD_MATCH = YES;
				COPY_PHASE_STRIP = NO;
				DEBUG_INFORMATION_FORMAT = "dwarf-with-dsym";
				ENABLE_NS_ASSERTIONS = NO;
				ENABLE_STRICT_OBJC_MSGSEND = YES;
				GCC_C_LANGUAGE_STANDARD = gnu11;
				GCC_NO_COMMON_BLOCKS = YES;
				GCC_WARN_64_TO_32_BIT_CONVERSION = YES;
				GCC_WARN_ABOUT_RETURN_TYPE = YES_ERROR;
				GCC_WARN_UNDECLARED_SELECTOR = YES;
				GCC_WARN_UNINITIALIZED_AUTOS = YES_AGGRESSIVE;
				GCC_WARN_UNUSED_FUNCTION = YES;
				GCC_WARN_UNUSED_VARIABLE = YES;
				IPHONEOS_DEPLOYMENT_TARGET = 15.2;
				MTL_ENABLE_DEBUG_INFO = NO;
				MTL_FAST_MATH = YES;
				SDKROOT = iphoneos;
				SWIFT_COMPILATION_MODE = wholemodule;
				SWIFT_OPTIMIZATION_LEVEL = "-O";
				VALIDATE_PRODUCT = YES;
			};
			name = Release;
		};
		F9149C60285E456400676DCB /* Debug */ = {
			isa = XCBuildConfiguration;
			buildSettings = {
				ASSETCATALOG_COMPILER_APPICON_NAME = AppIcon;
				ASSETCATALOG_COMPILER_GLOBAL_ACCENT_COLOR_NAME = AccentColor;
				CODE_SIGN_STYLE = Automatic;
				CURRENT_PROJECT_VERSION = 1;
				DEVELOPMENT_TEAM = GZ94AWJKRA;
				GENERATE_INFOPLIST_FILE = YES;
				INFOPLIST_FILE = travelguide/Info.plist;
				INFOPLIST_KEY_CFBundleDisplayName = NobetciEczane;
				INFOPLIST_KEY_NSLocationWhenInUseUsageDescription = "to get your position";
				INFOPLIST_KEY_UIApplicationSupportsIndirectInputEvents = YES;
				INFOPLIST_KEY_UILaunchStoryboardName = LaunchScreen;
				INFOPLIST_KEY_UIMainStoryboardFile = Main;
				INFOPLIST_KEY_UISupportedInterfaceOrientations_iPad = "UIInterfaceOrientationPortrait UIInterfaceOrientationPortraitUpsideDown UIInterfaceOrientationLandscapeLeft UIInterfaceOrientationLandscapeRight";
				INFOPLIST_KEY_UISupportedInterfaceOrientations_iPhone = "UIInterfaceOrientationPortrait UIInterfaceOrientationLandscapeLeft UIInterfaceOrientationLandscapeRight";
				IPHONEOS_DEPLOYMENT_TARGET = 15.2;
				LD_RUNPATH_SEARCH_PATHS = (
					"$(inherited)",
					"@executable_path/Frameworks",
				);
				MARKETING_VERSION = 1.0;
				PRODUCT_BUNDLE_IDENTIFIER = lszlp.nobetciEczane;
				PRODUCT_NAME = "$(TARGET_NAME)";
				SWIFT_EMIT_LOC_STRINGS = YES;
				SWIFT_VERSION = 5.0;
				TARGETED_DEVICE_FAMILY = "1,2";
			};
			name = Debug;
		};
		F9149C61285E456400676DCB /* Release */ = {
			isa = XCBuildConfiguration;
			buildSettings = {
				ASSETCATALOG_COMPILER_APPICON_NAME = AppIcon;
				ASSETCATALOG_COMPILER_GLOBAL_ACCENT_COLOR_NAME = AccentColor;
				CODE_SIGN_STYLE = Automatic;
				CURRENT_PROJECT_VERSION = 1;
				DEVELOPMENT_TEAM = GZ94AWJKRA;
				GENERATE_INFOPLIST_FILE = YES;
				INFOPLIST_FILE = travelguide/Info.plist;
				INFOPLIST_KEY_CFBundleDisplayName = NobetciEczane;
				INFOPLIST_KEY_NSLocationWhenInUseUsageDescription = "to get your position";
				INFOPLIST_KEY_UIApplicationSupportsIndirectInputEvents = YES;
				INFOPLIST_KEY_UILaunchStoryboardName = LaunchScreen;
				INFOPLIST_KEY_UIMainStoryboardFile = Main;
				INFOPLIST_KEY_UISupportedInterfaceOrientations_iPad = "UIInterfaceOrientationPortrait UIInterfaceOrientationPortraitUpsideDown UIInterfaceOrientationLandscapeLeft UIInterfaceOrientationLandscapeRight";
				INFOPLIST_KEY_UISupportedInterfaceOrientations_iPhone = "UIInterfaceOrientationPortrait UIInterfaceOrientationLandscapeLeft UIInterfaceOrientationLandscapeRight";
				IPHONEOS_DEPLOYMENT_TARGET = 15.2;
				LD_RUNPATH_SEARCH_PATHS = (
					"$(inherited)",
					"@executable_path/Frameworks",
				);
				MARKETING_VERSION = 1.0;
				PRODUCT_BUNDLE_IDENTIFIER = lszlp.nobetciEczane;
				PRODUCT_NAME = "$(TARGET_NAME)";
				SWIFT_EMIT_LOC_STRINGS = YES;
				SWIFT_VERSION = 5.0;
				TARGETED_DEVICE_FAMILY = "1,2";
			};
			name = Release;
		};
/* End XCBuildConfiguration section */

/* Begin XCConfigurationList section */
		F9149C43285E456300676DCB /* Build configuration list for PBXProject "travelguide" */ = {
			isa = XCConfigurationList;
			buildConfigurations = (
				F9149C5D285E456400676DCB /* Debug */,
				F9149C5E285E456400676DCB /* Release */,
			);
			defaultConfigurationIsVisible = 0;
			defaultConfigurationName = Release;
		};
		F9149C5F285E456400676DCB /* Build configuration list for PBXNativeTarget "travelguide" */ = {
			isa = XCConfigurationList;
			buildConfigurations = (
				F9149C60285E456400676DCB /* Debug */,
				F9149C61285E456400676DCB /* Release */,
			);
			defaultConfigurationIsVisible = 0;
			defaultConfigurationName = Release;
		};
/* End XCConfigurationList section */

/* Begin XCVersionGroup section */
		F9149C54285E456300676DCB /* travelguide.xcdatamodeld */ = {
			isa = XCVersionGroup;
			children = (
				F9149C55285E456300676DCB /* travelguide.xcdatamodel */,
			);
			currentVersion = F9149C55285E456300676DCB /* travelguide.xcdatamodel */;
			path = travelguide.xcdatamodeld;
			sourceTree = "<group>";
			versionGroupType = wrapper.xcdatamodel;
		};
/* End XCVersionGroup section */
	};
	rootObject = F9149C40285E456300676DCB /* Project object */;
}
