// !$*UTF8*$!
{
	archiveVersion = 1;
	classes = {
	};
	objectVersion = 55;
	objects = {

/* Begin PBXBuildFile section */
		F902FDEA28992D9800735BE1 /* Checks.swift in Sources */ = {isa = PBXBuildFile; fileRef = F902FDE928992D9800735BE1 /* Checks.swift */; };
		F902FDEC289B1F2B00735BE1 /* MapController.swift in Sources */ = {isa = PBXBuildFile; fileRef = F902FDEB289B1F2B00735BE1 /* MapController.swift */; };
		F907C6F12867144E0049F4CB /* ResponseJson.swift in Sources */ = {isa = PBXBuildFile; fileRef = F907C6F02867144E0049F4CB /* ResponseJson.swift */; };
		F9149C4C285E456300676DCB /* AppDelegate.swift in Sources */ = {isa = PBXBuildFile; fileRef = F9149C4B285E456300676DCB /* AppDelegate.swift */; };
		F9149C4E285E456300676DCB /* SceneDelegate.swift in Sources */ = {isa = PBXBuildFile; fileRef = F9149C4D285E456300676DCB /* SceneDelegate.swift */; };
		F9149C50285E456300676DCB /* ViewController.swift in Sources */ = {isa = PBXBuildFile; fileRef = F9149C4F285E456300676DCB /* ViewController.swift */; };
		F9149C53285E456300676DCB /* Main.storyboard in Resources */ = {isa = PBXBuildFile; fileRef = F9149C51285E456300676DCB /* Main.storyboard */; };
		F9149C56285E456300676DCB /* travelguide.xcdatamodeld in Sources */ = {isa = PBXBuildFile; fileRef = F9149C54285E456300676DCB /* travelguide.xcdatamodeld */; };
		F9149C5B285E456400676DCB /* LaunchScreen.storyboard in Resources */ = {isa = PBXBuildFile; fileRef = F9149C59285E456400676DCB /* LaunchScreen.storyboard */; };
		F9149C63285E692700676DCB /* FirstViewController.swift in Sources */ = {isa = PBXBuildFile; fileRef = F9149C62285E692700676DCB /* FirstViewController.swift */; };
		F91589C9286355670018181C /* PharmacyFinder.swift in Sources */ = {isa = PBXBuildFile; fileRef = F91589C8286355670018181C /* PharmacyFinder.swift */; };
		F945BF35289FDC86000EF9FB /* OnboardingPageViewController.swift in Sources */ = {isa = PBXBuildFile; fileRef = F945BF34289FDC86000EF9FB /* OnboardingPageViewController.swift */; };
		F945BF37289FE416000EF9FB /* pageThreeViewController.swift in Sources */ = {isa = PBXBuildFile; fileRef = F945BF36289FE416000EF9FB /* pageThreeViewController.swift */; };
		F94CB9B7286E12F40038D47B /* UserDefaults.swift in Sources */ = {isa = PBXBuildFile; fileRef = F94CB9B6286E12F40038D47B /* UserDefaults.swift */; };
		F94CB9BA2870F92D0038D47B /* PhoneButton.swift in Sources */ = {isa = PBXBuildFile; fileRef = F94CB9B92870F92D0038D47B /* PhoneButton.swift */; };
		F95AF9FA28988EDD0076D90B /* webViewController.swift in Sources */ = {isa = PBXBuildFile; fileRef = F95AF9F928988EDD0076D90B /* webViewController.swift */; };
		F95E9A4E289130FD004D60FC /* InternetMonitor.swift in Sources */ = {isa = PBXBuildFile; fileRef = F95E9A4D289130FD004D60FC /* InternetMonitor.swift */; };
		F97E350D286C9F84003146F2 /* eczane.json in Resources */ = {isa = PBXBuildFile; fileRef = F97E350C286C9F84003146F2 /* eczane.json */; };
		F97E350F286CB59E003146F2 /* CellModel.swift in Sources */ = {isa = PBXBuildFile; fileRef = F97E350E286CB59E003146F2 /* CellModel.swift */; };
		F97E3511286CC63A003146F2 /* ChoosenLocationViewViewController.swift in Sources */ = {isa = PBXBuildFile; fileRef = F97E3510286CC63A003146F2 /* ChoosenLocationViewViewController.swift */; };
		F97E3513286DF121003146F2 /* SettingsViewController.swift in Sources */ = {isa = PBXBuildFile; fileRef = F97E3512286DF121003146F2 /* SettingsViewController.swift */; };
		F97E3515286DF4D5003146F2 /* tumbursa.json in Resources */ = {isa = PBXBuildFile; fileRef = F97E3514286DF4D5003146F2 /* tumbursa.json */; };
		F97E3519286E01BA003146F2 /* SettingsCellModelTableViewCell.swift in Sources */ = {isa = PBXBuildFile; fileRef = F97E3518286E01BA003146F2 /* SettingsCellModelTableViewCell.swift */; };
		F97E351B286E0560003146F2 /* SettingsModelStructure.swift in Sources */ = {isa = PBXBuildFile; fileRef = F97E351A286E0560003146F2 /* SettingsModelStructure.swift */; };
		F97E351D286E0CD3003146F2 /* Notifications.swift in Sources */ = {isa = PBXBuildFile; fileRef = F97E351C286E0CD3003146F2 /* Notifications.swift */; };
		F9B2F5EB28A551ED0002EDAE /* ModifyActivityController.swift in Sources */ = {isa = PBXBuildFile; fileRef = F9B2F5EA28A551ED0002EDAE /* ModifyActivityController.swift */; };
		F9B2F5ED28A682B20002EDAE /* bursa.gpx in Resources */ = {isa = PBXBuildFile; fileRef = F9B2F5EC28A682B20002EDAE /* bursa.gpx */; };
		F9BA4A7C28800A6E000B295F /* Assets.xcassets in Resources */ = {isa = PBXBuildFile; fileRef = F9BA4A7B28800A6E000B295F /* Assets.xcassets */; };
		F9E3C8D62874AA3900FCD722 /* LocationManager.swift in Sources */ = {isa = PBXBuildFile; fileRef = F9E3C8D52874AA3900FCD722 /* LocationManager.swift */; };
		F9E5A32528896F0300883D11 /* PharmacyViewModel.swift in Sources */ = {isa = PBXBuildFile; fileRef = F9E5A32428896F0300883D11 /* PharmacyViewModel.swift */; };
		F9E5A3272889759B00883D11 /* Webservice.swift in Sources */ = {isa = PBXBuildFile; fileRef = F9E5A3262889759B00883D11 /* Webservice.swift */; };
		F9E5A32928897DCC00883D11 /* JSONFile.swift in Sources */ = {isa = PBXBuildFile; fileRef = F9E5A32828897DCC00883D11 /* JSONFile.swift */; };
		F9F93C95286736D0001E103A /* TurkishConverter.swift in Sources */ = {isa = PBXBuildFile; fileRef = F9F93C94286736D0001E103A /* TurkishConverter.swift */; };
		F9F93C97286760BF001E103A /* PharmacyFoundedData.swift in Sources */ = {isa = PBXBuildFile; fileRef = F9F93C96286760BF001E103A /* PharmacyFoundedData.swift */; };
		F9F93C9928676BCD001E103A /* Location.swift in Sources */ = {isa = PBXBuildFile; fileRef = F9F93C9828676BCD001E103A /* Location.swift */; };
/* End PBXBuildFile section */

/* Begin PBXFileReference section */
		F902FDE928992D9800735BE1 /* Checks.swift */ = {isa = PBXFileReference; lastKnownFileType = sourcecode.swift; path = Checks.swift; sourceTree = "<group>"; };
		F902FDEB289B1F2B00735BE1 /* MapController.swift */ = {isa = PBXFileReference; lastKnownFileType = sourcecode.swift; path = MapController.swift; sourceTree = "<group>"; };
		F907C6F02867144E0049F4CB /* ResponseJson.swift */ = {isa = PBXFileReference; lastKnownFileType = sourcecode.swift; path = ResponseJson.swift; sourceTree = "<group>"; };
		F9149C48285E456300676DCB /* travelguide.app */ = {isa = PBXFileReference; explicitFileType = wrapper.application; includeInIndex = 0; path = travelguide.app; sourceTree = BUILT_PRODUCTS_DIR; };
		F9149C4B285E456300676DCB /* AppDelegate.swift */ = {isa = PBXFileReference; lastKnownFileType = sourcecode.swift; path = AppDelegate.swift; sourceTree = "<group>"; };
		F9149C4D285E456300676DCB /* SceneDelegate.swift */ = {isa = PBXFileReference; lastKnownFileType = sourcecode.swift; path = SceneDelegate.swift; sourceTree = "<group>"; };
		F9149C4F285E456300676DCB /* ViewController.swift */ = {isa = PBXFileReference; lastKnownFileType = sourcecode.swift; path = ViewController.swift; sourceTree = "<group>"; };
		F9149C52285E456300676DCB /* Base */ = {isa = PBXFileReference; lastKnownFileType = file.storyboard; name = Base; path = Base.lproj/Main.storyboard; sourceTree = "<group>"; };
		F9149C55285E456300676DCB /* travelguide.xcdatamodel */ = {isa = PBXFileReference; lastKnownFileType = wrapper.xcdatamodel; path = travelguide.xcdatamodel; sourceTree = "<group>"; };
		F9149C5A285E456400676DCB /* Base */ = {isa = PBXFileReference; lastKnownFileType = file.storyboard; name = Base; path = Base.lproj/LaunchScreen.storyboard; sourceTree = "<group>"; };
		F9149C5C285E456400676DCB /* Info.plist */ = {isa = PBXFileReference; lastKnownFileType = text.plist.xml; path = Info.plist; sourceTree = "<group>"; };
		F9149C62285E692700676DCB /* FirstViewController.swift */ = {isa = PBXFileReference; lastKnownFileType = sourcecode.swift; path = FirstViewController.swift; sourceTree = "<group>"; };
		F91589C8286355670018181C /* PharmacyFinder.swift */ = {isa = PBXFileReference; lastKnownFileType = sourcecode.swift; path = PharmacyFinder.swift; sourceTree = "<group>"; };
		F945BF34289FDC86000EF9FB /* OnboardingPageViewController.swift */ = {isa = PBXFileReference; lastKnownFileType = sourcecode.swift; path = OnboardingPageViewController.swift; sourceTree = "<group>"; };
		F945BF36289FE416000EF9FB /* pageThreeViewController.swift */ = {isa = PBXFileReference; lastKnownFileType = sourcecode.swift; path = pageThreeViewController.swift; sourceTree = "<group>"; };
		F94CB9B6286E12F40038D47B /* UserDefaults.swift */ = {isa = PBXFileReference; lastKnownFileType = sourcecode.swift; path = UserDefaults.swift; sourceTree = "<group>"; };
		F94CB9B92870F92D0038D47B /* PhoneButton.swift */ = {isa = PBXFileReference; lastKnownFileType = sourcecode.swift; path = PhoneButton.swift; sourceTree = "<group>"; };
		F95AF9F928988EDD0076D90B /* webViewController.swift */ = {isa = PBXFileReference; lastKnownFileType = sourcecode.swift; path = webViewController.swift; sourceTree = "<group>"; };
		F95AF9FC289893B70076D90B /* en */ = {isa = PBXFileReference; lastKnownFileType = text.plist.strings; name = en; path = en.lproj/Main.strings; sourceTree = "<group>"; };
		F95B919E28718E4100ABE100 /* hatalar.md */ = {isa = PBXFileReference; lastKnownFileType = net.daringfireball.markdown; path = hatalar.md; sourceTree = "<group>"; };
		F95E9A4D289130FD004D60FC /* InternetMonitor.swift */ = {isa = PBXFileReference; lastKnownFileType = sourcecode.swift; path = InternetMonitor.swift; sourceTree = "<group>"; };
		F97E350C286C9F84003146F2 /* eczane.json */ = {isa = PBXFileReference; lastKnownFileType = text.json; path = eczane.json; sourceTree = "<group>"; };
		F97E350E286CB59E003146F2 /* CellModel.swift */ = {isa = PBXFileReference; lastKnownFileType = sourcecode.swift; path = CellModel.swift; sourceTree = "<group>"; };
		F97E3510286CC63A003146F2 /* ChoosenLocationViewViewController.swift */ = {isa = PBXFileReference; lastKnownFileType = sourcecode.swift; path = ChoosenLocationViewViewController.swift; sourceTree = "<group>"; };
		F97E3512286DF121003146F2 /* SettingsViewController.swift */ = {isa = PBXFileReference; lastKnownFileType = sourcecode.swift; path = SettingsViewController.swift; sourceTree = "<group>"; };
		F97E3514286DF4D5003146F2 /* tumbursa.json */ = {isa = PBXFileReference; lastKnownFileType = text.json; path = tumbursa.json; sourceTree = "<group>"; };
		F97E3518286E01BA003146F2 /* SettingsCellModelTableViewCell.swift */ = {isa = PBXFileReference; lastKnownFileType = sourcecode.swift; path = SettingsCellModelTableViewCell.swift; sourceTree = "<group>"; };
		F97E351A286E0560003146F2 /* SettingsModelStructure.swift */ = {isa = PBXFileReference; lastKnownFileType = sourcecode.swift; path = SettingsModelStructure.swift; sourceTree = "<group>"; };
		F97E351C286E0CD3003146F2 /* Notifications.swift */ = {isa = PBXFileReference; lastKnownFileType = sourcecode.swift; path = Notifications.swift; sourceTree = "<group>"; };
		F9B2F5EA28A551ED0002EDAE /* ModifyActivityController.swift */ = {isa = PBXFileReference; lastKnownFileType = sourcecode.swift; path = ModifyActivityController.swift; sourceTree = "<group>"; };
		F9B2F5EC28A682B20002EDAE /* bursa.gpx */ = {isa = PBXFileReference; fileEncoding = 4; lastKnownFileType = text; name = bursa.gpx; path = ../../../Downloads/bursa.gpx; sourceTree = "<group>"; };
		F9BA4A7B28800A6E000B295F /* Assets.xcassets */ = {isa = PBXFileReference; lastKnownFileType = folder.assetcatalog; name = Assets.xcassets; path = "../../../../Downloads/AppIcons-3/Assets.xcassets"; sourceTree = "<group>"; };
		F9E3C8D52874AA3900FCD722 /* LocationManager.swift */ = {isa = PBXFileReference; lastKnownFileType = sourcecode.swift; path = LocationManager.swift; sourceTree = "<group>"; };
		F9E5A32428896F0300883D11 /* PharmacyViewModel.swift */ = {isa = PBXFileReference; lastKnownFileType = sourcecode.swift; path = PharmacyViewModel.swift; sourceTree = "<group>"; };
		F9E5A3262889759B00883D11 /* Webservice.swift */ = {isa = PBXFileReference; lastKnownFileType = sourcecode.swift; path = Webservice.swift; sourceTree = "<group>"; };
		F9E5A32828897DCC00883D11 /* JSONFile.swift */ = {isa = PBXFileReference; lastKnownFileType = sourcecode.swift; path = JSONFile.swift; sourceTree = "<group>"; };
		F9F93C94286736D0001E103A /* TurkishConverter.swift */ = {isa = PBXFileReference; lastKnownFileType = sourcecode.swift; path = TurkishConverter.swift; sourceTree = "<group>"; };
		F9F93C96286760BF001E103A /* PharmacyFoundedData.swift */ = {isa = PBXFileReference; lastKnownFileType = sourcecode.swift; path = PharmacyFoundedData.swift; sourceTree = "<group>"; };
		F9F93C9828676BCD001E103A /* Location.swift */ = {isa = PBXFileReference; lastKnownFileType = sourcecode.swift; path = Location.swift; sourceTree = "<group>"; };
/* End PBXFileReference section */

/* Begin PBXFrameworksBuildPhase section */
		F9149C45285E456300676DCB /* Frameworks */ = {
			isa = PBXFrameworksBuildPhase;
			buildActionMask = 2147483647;
			files = (
			);
			runOnlyForDeploymentPostprocessing = 0;
		};
/* End PBXFrameworksBuildPhase section */

/* Begin PBXGroup section */
		B7B25E9B8D1545D398C449FC /* Pods */ = {
			isa = PBXGroup;
			children = (
			);
			path = Pods;
			sourceTree = "<group>";
		};
		F9149C3F285E456300676DCB = {
			isa = PBXGroup;
			children = (
				F95B919E28718E4100ABE100 /* hatalar.md */,
				F97E3514286DF4D5003146F2 /* tumbursa.json */,
				F97E350C286C9F84003146F2 /* eczane.json */,
				F9B2F5EC28A682B20002EDAE /* bursa.gpx */,
				F9149C4A285E456300676DCB /* travelguide */,
				F9149C49285E456300676DCB /* Products */,
				B7B25E9B8D1545D398C449FC /* Pods */,
			);
			sourceTree = "<group>";
		};
		F9149C49285E456300676DCB /* Products */ = {
			isa = PBXGroup;
			children = (
				F9149C48285E456300676DCB /* travelguide.app */,
			);
			name = Products;
			sourceTree = "<group>";
		};
		F9149C4A285E456300676DCB /* travelguide */ = {
			isa = PBXGroup;
			children = (
				F9149C4B285E456300676DCB /* AppDelegate.swift */,
				F9149C4D285E456300676DCB /* SceneDelegate.swift */,
				F97E3508286C47D9003146F2 /* Model */,
				F97E3507286C47C6003146F2 /* View */,
				F97E3509286C47FB003146F2 /* Controller */,
				F9BA4A7B28800A6E000B295F /* Assets.xcassets */,
				F9149C5C285E456400676DCB /* Info.plist */,
				F9149C54285E456300676DCB /* travelguide.xcdatamodeld */,
			);
			path = travelguide;
			sourceTree = "<group>";
		};
		F94CB9B8286F15940038D47B /* Service */ = {
			isa = PBXGroup;
			children = (
				F9F93C94286736D0001E103A /* TurkishConverter.swift */,
				F9B2F5EA28A551ED0002EDAE /* ModifyActivityController.swift */,
				F94CB9B6286E12F40038D47B /* UserDefaults.swift */,
				F97E351C286E0CD3003146F2 /* Notifications.swift */,
				F91589C8286355670018181C /* PharmacyFinder.swift */,
				F9E3C8D52874AA3900FCD722 /* LocationManager.swift */,
				F9E5A3262889759B00883D11 /* Webservice.swift */,
				F9E5A32828897DCC00883D11 /* JSONFile.swift */,
				F9E5A32428896F0300883D11 /* PharmacyViewModel.swift */,
				F95E9A4D289130FD004D60FC /* InternetMonitor.swift */,
				F902FDE928992D9800735BE1 /* Checks.swift */,
				F902FDEB289B1F2B00735BE1 /* MapController.swift */,
			);
			path = Service;
			sourceTree = "<group>";
		};
		F97E3507286C47C6003146F2 /* View */ = {
			isa = PBXGroup;
			children = (
				F9149C59285E456400676DCB /* LaunchScreen.storyboard */,
				F9149C51285E456300676DCB /* Main.storyboard */,
			);
			path = View;
			sourceTree = "<group>";
		};
		F97E3508286C47D9003146F2 /* Model */ = {
			isa = PBXGroup;
			children = (
				F94CB9B8286F15940038D47B /* Service */,
				F9F93C96286760BF001E103A /* PharmacyFoundedData.swift */,
				F97E3518286E01BA003146F2 /* SettingsCellModelTableViewCell.swift */,
				F97E350E286CB59E003146F2 /* CellModel.swift */,
				F9F93C9828676BCD001E103A /* Location.swift */,
				F907C6F02867144E0049F4CB /* ResponseJson.swift */,
				F97E351A286E0560003146F2 /* SettingsModelStructure.swift */,
				F94CB9B92870F92D0038D47B /* PhoneButton.swift */,
			);
			path = Model;
			sourceTree = "<group>";
		};
		F97E3509286C47FB003146F2 /* Controller */ = {
			isa = PBXGroup;
			children = (
				F9149C62285E692700676DCB /* FirstViewController.swift */,
				F95AF9F928988EDD0076D90B /* webViewController.swift */,
				F97E3512286DF121003146F2 /* SettingsViewController.swift */,
				F945BF36289FE416000EF9FB /* pageThreeViewController.swift */,
				F9149C4F285E456300676DCB /* ViewController.swift */,
				F97E3510286CC63A003146F2 /* ChoosenLocationViewViewController.swift */,
				F945BF34289FDC86000EF9FB /* OnboardingPageViewController.swift */,
			);
			path = Controller;
			sourceTree = "<group>";
		};
/* End PBXGroup section */

/* Begin PBXNativeTarget section */
		F9149C47285E456300676DCB /* travelguide */ = {
			isa = PBXNativeTarget;
			buildConfigurationList = F9149C5F285E456400676DCB /* Build configuration list for PBXNativeTarget "travelguide" */;
			buildPhases = (
				F9149C44285E456300676DCB /* Sources */,
				F9149C45285E456300676DCB /* Frameworks */,
				F9149C46285E456300676DCB /* Resources */,
			);
			buildRules = (
			);
			dependencies = (
			);
			name = travelguide;
			productName = travelguide;
			productReference = F9149C48285E456300676DCB /* travelguide.app */;
			productType = "com.apple.product-type.application";
		};
/* End PBXNativeTarget section */

/* Begin PBXProject section */
		F9149C40285E456300676DCB /* Project object */ = {
			isa = PBXProject;
			attributes = {
				BuildIndependentTargetsInParallel = 1;
				LastSwiftUpdateCheck = 1320;
				LastUpgradeCheck = 1320;
				TargetAttributes = {
					F9149C47285E456300676DCB = {
						CreatedOnToolsVersion = 13.2.1;
					};
				};
			};
			buildConfigurationList = F9149C43285E456300676DCB /* Build configuration list for PBXProject "travelguide" */;
			compatibilityVersion = "Xcode 13.0";
			developmentRegion = en;
			hasScannedForEncodings = 0;
			knownRegions = (
				en,
				Base,
			);
			mainGroup = F9149C3F285E456300676DCB;
			productRefGroup = F9149C49285E456300676DCB /* Products */;
			projectDirPath = "";
			projectRoot = "";
			targets = (
				F9149C47285E456300676DCB /* travelguide */,
			);
		};
/* End PBXProject section */

/* Begin PBXResourcesBuildPhase section */
		F9149C46285E456300676DCB /* Resources */ = {
			isa = PBXResourcesBuildPhase;
			buildActionMask = 2147483647;
			files = (
				F97E3515286DF4D5003146F2 /* tumbursa.json in Resources */,
				F97E350D286C9F84003146F2 /* eczane.json in Resources */,
				F9149C5B285E456400676DCB /* LaunchScreen.storyboard in Resources */,
				F9BA4A7C28800A6E000B295F /* Assets.xcassets in Resources */,
				F9149C53285E456300676DCB /* Main.storyboard in Resources */,
				F9B2F5ED28A682B20002EDAE /* bursa.gpx in Resources */,
			);
			runOnlyForDeploymentPostprocessing = 0;
		};
/* End PBXResourcesBuildPhase section */

/* Begin PBXSourcesBuildPhase section */
		F9149C44285E456300676DCB /* Sources */ = {
			isa = PBXSourcesBuildPhase;
			buildActionMask = 2147483647;
			files = (
				F97E350F286CB59E003146F2 /* CellModel.swift in Sources */,
				F91589C9286355670018181C /* PharmacyFinder.swift in Sources */,
				F907C6F12867144E0049F4CB /* ResponseJson.swift in Sources */,
				F9E5A32528896F0300883D11 /* PharmacyViewModel.swift in Sources */,
				F9F93C9928676BCD001E103A /* Location.swift in Sources */,
				F97E3519286E01BA003146F2 /* SettingsCellModelTableViewCell.swift in Sources */,
				F94CB9B7286E12F40038D47B /* UserDefaults.swift in Sources */,
				F902FDEC289B1F2B00735BE1 /* MapController.swift in Sources */,
				F945BF35289FDC86000EF9FB /* OnboardingPageViewController.swift in Sources */,
				F9E5A32928897DCC00883D11 /* JSONFile.swift in Sources */,
				F97E3511286CC63A003146F2 /* ChoosenLocationViewViewController.swift in Sources */,
				F9E5A3272889759B00883D11 /* Webservice.swift in Sources */,
				F97E351B286E0560003146F2 /* SettingsModelStructure.swift in Sources */,
				F94CB9BA2870F92D0038D47B /* PhoneButton.swift in Sources */,
				F9149C63285E692700676DCB /* FirstViewController.swift in Sources */,
				F97E351D286E0CD3003146F2 /* Notifications.swift in Sources */,
				F9F93C95286736D0001E103A /* TurkishConverter.swift in Sources */,
				F9149C56285E456300676DCB /* travelguide.xcdatamodeld in Sources */,
				F9149C50285E456300676DCB /* ViewController.swift in Sources */,
				F95E9A4E289130FD004D60FC /* InternetMonitor.swift in Sources */,
				F9149C4C285E456300676DCB /* AppDelegate.swift in Sources */,
				F9B2F5EB28A551ED0002EDAE /* ModifyActivityController.swift in Sources */,
				F945BF37289FE416000EF9FB /* pageThreeViewController.swift in Sources */,
				F97E3513286DF121003146F2 /* SettingsViewController.swift in Sources */,
				F9149C4E285E456300676DCB /* SceneDelegate.swift in Sources */,
				F902FDEA28992D9800735BE1 /* Checks.swift in Sources */,
				F95AF9FA28988EDD0076D90B /* webViewController.swift in Sources */,
				F9E3C8D62874AA3900FCD722 /* LocationManager.swift in Sources */,
				F9F93C97286760BF001E103A /* PharmacyFoundedData.swift in Sources */,
			);
			runOnlyForDeploymentPostprocessing = 0;
		};
/* End PBXSourcesBuildPhase section */

/* Begin PBXVariantGroup section */
		F9149C51285E456300676DCB /* Main.storyboard */ = {
			isa = PBXVariantGroup;
			children = (
				F9149C52285E456300676DCB /* Base */,
				F95AF9FC289893B70076D90B /* en */,
			);
			name = Main.storyboard;
			sourceTree = "<group>";
		};
		F9149C59285E456400676DCB /* LaunchScreen.storyboard */ = {
			isa = PBXVariantGroup;
			children = (
				F9149C5A285E456400676DCB /* Base */,
			);
			name = LaunchScreen.storyboard;
			sourceTree = "<group>";
		};
/* End PBXVariantGroup section */

/* Begin XCBuildConfiguration section */
		F9149C5D285E456400676DCB /* Debug */ = {
			isa = XCBuildConfiguration;
			buildSettings = {
				ALWAYS_SEARCH_USER_PATHS = NO;
				CLANG_ANALYZER_NONNULL = YES;
				CLANG_ANALYZER_NUMBER_OBJECT_CONVERSION = YES_AGGRESSIVE;
				CLANG_CXX_LANGUAGE_STANDARD = "gnu++17";
				CLANG_CXX_LIBRARY = "libc++";
				CLANG_ENABLE_MODULES = YES;
				CLANG_ENABLE_OBJC_ARC = YES;
				CLANG_ENABLE_OBJC_WEAK = YES;
				CLANG_WARN_BLOCK_CAPTURE_AUTORELEASING = YES;
				CLANG_WARN_BOOL_CONVERSION = YES;
				CLANG_WARN_COMMA = YES;
				CLANG_WARN_CONSTANT_CONVERSION = YES;
				CLANG_WARN_DEPRECATED_OBJC_IMPLEMENTATIONS = YES;
				CLANG_WARN_DIRECT_OBJC_ISA_USAGE = YES_ERROR;
				CLANG_WARN_DOCUMENTATION_COMMENTS = YES;
				CLANG_WARN_EMPTY_BODY = YES;
				CLANG_WARN_ENUM_CONVERSION = YES;
				CLANG_WARN_INFINITE_RECURSION = YES;
				CLANG_WARN_INT_CONVERSION = YES;
				CLANG_WARN_NON_LITERAL_NULL_CONVERSION = YES;
				CLANG_WARN_OBJC_IMPLICIT_RETAIN_SELF = YES;
				CLANG_WARN_OBJC_LITERAL_CONVERSION = YES;
				CLANG_WARN_OBJC_ROOT_CLASS = YES_ERROR;
				CLANG_WARN_QUOTED_INCLUDE_IN_FRAMEWORK_HEADER = YES;
				CLANG_WARN_RANGE_LOOP_ANALYSIS = YES;
				CLANG_WARN_STRICT_PROTOTYPES = YES;
				CLANG_WARN_SUSPICIOUS_MOVE = YES;
				CLANG_WARN_UNGUARDED_AVAILABILITY = YES_AGGRESSIVE;
				CLANG_WARN_UNREACHABLE_CODE = YES;
				CLANG_WARN__DUPLICATE_METHOD_MATCH = YES;
				COPY_PHASE_STRIP = NO;
				DEBUG_INFORMATION_FORMAT = "dwarf-with-dsym";
				ENABLE_STRICT_OBJC_MSGSEND = YES;
				ENABLE_TESTABILITY = YES;
				GCC_C_LANGUAGE_STANDARD = gnu11;
				GCC_DYNAMIC_NO_PIC = NO;
				GCC_NO_COMMON_BLOCKS = YES;
				GCC_OPTIMIZATION_LEVEL = 0;
				GCC_PREPROCESSOR_DEFINITIONS = (
					"DEBUG=1",
					"$(inherited)",
				);
				GCC_WARN_64_TO_32_BIT_CONVERSION = YES;
				GCC_WARN_ABOUT_RETURN_TYPE = YES_ERROR;
				GCC_WARN_UNDECLARED_SELECTOR = YES;
				GCC_WARN_UNINITIALIZED_AUTOS = YES_AGGRESSIVE;
				GCC_WARN_UNUSED_FUNCTION = YES;
				GCC_WARN_UNUSED_VARIABLE = YES;
				IPHONEOS_DEPLOYMENT_TARGET = 15.2;
				MTL_ENABLE_DEBUG_INFO = INCLUDE_SOURCE;
				MTL_FAST_MATH = YES;
				ONLY_ACTIVE_ARCH = YES;
				SDKROOT = iphoneos;
				SWIFT_ACTIVE_COMPILATION_CONDITIONS = DEBUG;
				SWIFT_OPTIMIZATION_LEVEL = "-Onone";
			};
			name = Debug;
		};
		F9149C5E285E456400676DCB /* Release */ = {
			isa = XCBuildConfiguration;
			buildSettings = {
				ALWAYS_SEARCH_USER_PATHS = NO;
				CLANG_ANALYZER_NONNULL = YES;
				CLANG_ANALYZER_NUMBER_OBJECT_CONVERSION = YES_AGGRESSIVE;
				CLANG_CXX_LANGUAGE_STANDARD = "gnu++17";
				CLANG_CXX_LIBRARY = "libc++";
				CLANG_ENABLE_MODULES = YES;
				CLANG_ENABLE_OBJC_ARC = YES;
				CLANG_ENABLE_OBJC_WEAK = YES;
				CLANG_WARN_BLOCK_CAPTURE_AUTORELEASING = YES;
				CLANG_WARN_BOOL_CONVERSION = YES;
				CLANG_WARN_COMMA = YES;
				CLANG_WARN_CONSTANT_CONVERSION = YES;
				CLANG_WARN_DEPRECATED_OBJC_IMPLEMENTATIONS = YES;
				CLANG_WARN_DIRECT_OBJC_ISA_USAGE = YES_ERROR;
				CLANG_WARN_DOCUMENTATION_COMMENTS = YES;
				CLANG_WARN_EMPTY_BODY = YES;
				CLANG_WARN_ENUM_CONVERSION = YES;
				CLANG_WARN_INFINITE_RECURSION = YES;
				CLANG_WARN_INT_CONVERSION = YES;
				CLANG_WARN_NON_LITERAL_NULL_CONVERSION = YES;
				CLANG_WARN_OBJC_IMPLICIT_RETAIN_SELF = YES;
				CLANG_WARN_OBJC_LITERAL_CONVERSION = YES;
				CLANG_WARN_OBJC_ROOT_CLASS = YES_ERROR;
				CLANG_WARN_QUOTED_INCLUDE_IN_FRAMEWORK_HEADER = YES;
				CLANG_WARN_RANGE_LOOP_ANALYSIS = YES;
				CLANG_WARN_STRICT_PROTOTYPES = YES;
				CLANG_WARN_SUSPICIOUS_MOVE = YES;
				CLANG_WARN_UNGUARDED_AVAILABILITY = YES_AGGRESSIVE;
				CLANG_WARN_UNREACHABLE_CODE = YES;
				CLANG_WARN__DUPLICATE_METHOD_MATCH = YES;
				COPY_PHASE_STRIP = NO;
				DEBUG_INFORMATION_FORMAT = "dwarf-with-dsym";
				ENABLE_NS_ASSERTIONS = NO;
				ENABLE_STRICT_OBJC_MSGSEND = YES;
				GCC_C_LANGUAGE_STANDARD = gnu11;
				GCC_NO_COMMON_BLOCKS = YES;
				GCC_WARN_64_TO_32_BIT_CONVERSION = YES;
				GCC_WARN_ABOUT_RETURN_TYPE = YES_ERROR;
				GCC_WARN_UNDECLARED_SELECTOR = YES;
				GCC_WARN_UNINITIALIZED_AUTOS = YES_AGGRESSIVE;
				GCC_WARN_UNUSED_FUNCTION = YES;
				GCC_WARN_UNUSED_VARIABLE = YES;
				IPHONEOS_DEPLOYMENT_TARGET = 15.2;
				MTL_ENABLE_DEBUG_INFO = NO;
				MTL_FAST_MATH = YES;
				SDKROOT = iphoneos;
				SWIFT_COMPILATION_MODE = wholemodule;
				SWIFT_OPTIMIZATION_LEVEL = "-O";
				VALIDATE_PRODUCT = YES;
			};
			name = Release;
		};
		F9149C60285E456400676DCB /* Debug */ = {
			isa = XCBuildConfiguration;
			buildSettings = {
				ASSETCATALOG_COMPILER_APPICON_NAME = AppIcon;
				ASSETCATALOG_COMPILER_GLOBAL_ACCENT_COLOR_NAME = AccentColor;
				ASSETCATALOG_COMPILER_INCLUDE_ALL_APPICON_ASSETS = YES;
				CODE_SIGN_STYLE = Automatic;
				CURRENT_PROJECT_VERSION = 1;
				DEVELOPMENT_TEAM = GZ94AWJKRA;
				GENERATE_INFOPLIST_FILE = YES;
				INFOPLIST_FILE = travelguide/Info.plist;
				INFOPLIST_KEY_CFBundleDisplayName = NobEc;
				INFOPLIST_KEY_NSLocationWhenInUseUsageDescription = "Konum bilginiz, ihtiyacınız olan en yakın eczaneyi göstermek için kullanılacaktır.";
				INFOPLIST_KEY_UIApplicationSupportsIndirectInputEvents = YES;
				INFOPLIST_KEY_UILaunchStoryboardName = LaunchScreen;
				INFOPLIST_KEY_UIMainStoryboardFile = Main;
				INFOPLIST_KEY_UISupportedInterfaceOrientations_iPad = "UIInterfaceOrientationPortrait UIInterfaceOrientationPortraitUpsideDown UIInterfaceOrientationLandscapeLeft UIInterfaceOrientationLandscapeRight";
				INFOPLIST_KEY_UISupportedInterfaceOrientations_iPhone = "UIInterfaceOrientationPortrait UIInterfaceOrientationLandscapeLeft UIInterfaceOrientationLandscapeRight";
				IPHONEOS_DEPLOYMENT_TARGET = 15.2;
				LD_RUNPATH_SEARCH_PATHS = (
					"$(inherited)",
					"@executable_path/Frameworks",
				);
				MARKETING_VERSION = 1.2;
				PRODUCT_BUNDLE_IDENTIFIER = lszlp.nobetciEczane;
				PRODUCT_NAME = "$(TARGET_NAME)";
				SWIFT_EMIT_LOC_STRINGS = YES;
				SWIFT_VERSION = 5.0;
				TARGETED_DEVICE_FAMILY = "1,2";
			};
			name = Debug;
		};
		F9149C61285E456400676DCB /* Release */ = {
			isa = XCBuildConfiguration;
			buildSettings = {
				ASSETCATALOG_COMPILER_APPICON_NAME = AppIcon;
				ASSETCATALOG_COMPILER_GLOBAL_ACCENT_COLOR_NAME = AccentColor;
				ASSETCATALOG_COMPILER_INCLUDE_ALL_APPICON_ASSETS = YES;
				CODE_SIGN_STYLE = Automatic;
				CURRENT_PROJECT_VERSION = 1;
				DEVELOPMENT_TEAM = GZ94AWJKRA;
				GENERATE_INFOPLIST_FILE = YES;
				INFOPLIST_FILE = travelguide/Info.plist;
				INFOPLIST_KEY_CFBundleDisplayName = NobEc;
				INFOPLIST_KEY_NSLocationWhenInUseUsageDescription = "Konum bilginiz, ihtiyacınız olan en yakın eczaneyi göstermek için kullanılacaktır.";
				INFOPLIST_KEY_UIApplicationSupportsIndirectInputEvents = YES;
				INFOPLIST_KEY_UILaunchStoryboardName = LaunchScreen;
				INFOPLIST_KEY_UIMainStoryboardFile = Main;
				INFOPLIST_KEY_UISupportedInterfaceOrientations_iPad = "UIInterfaceOrientationPortrait UIInterfaceOrientationPortraitUpsideDown UIInterfaceOrientationLandscapeLeft UIInterfaceOrientationLandscapeRight";
				INFOPLIST_KEY_UISupportedInterfaceOrientations_iPhone = "UIInterfaceOrientationPortrait UIInterfaceOrientationLandscapeLeft UIInterfaceOrientationLandscapeRight";
				IPHONEOS_DEPLOYMENT_TARGET = 15.2;
				LD_RUNPATH_SEARCH_PATHS = (
					"$(inherited)",
					"@executable_path/Frameworks",
				);
				MARKETING_VERSION = 1.2;
				PRODUCT_BUNDLE_IDENTIFIER = lszlp.nobetciEczane;
				PRODUCT_NAME = "$(TARGET_NAME)";
				SWIFT_EMIT_LOC_STRINGS = YES;
				SWIFT_VERSION = 5.0;
				TARGETED_DEVICE_FAMILY = "1,2";
			};
			name = Release;
		};
/* End XCBuildConfiguration section */

/* Begin XCConfigurationList section */
		F9149C43285E456300676DCB /* Build configuration list for PBXProject "travelguide" */ = {
			isa = XCConfigurationList;
			buildConfigurations = (
				F9149C5D285E456400676DCB /* Debug */,
				F9149C5E285E456400676DCB /* Release */,
			);
			defaultConfigurationIsVisible = 0;
			defaultConfigurationName = Release;
		};
		F9149C5F285E456400676DCB /* Build configuration list for PBXNativeTarget "travelguide" */ = {
			isa = XCConfigurationList;
			buildConfigurations = (
				F9149C60285E456400676DCB /* Debug */,
				F9149C61285E456400676DCB /* Release */,
			);
			defaultConfigurationIsVisible = 0;
			defaultConfigurationName = Release;
		};
/* End XCConfigurationList section */

/* Begin XCVersionGroup section */
		F9149C54285E456300676DCB /* travelguide.xcdatamodeld */ = {
			isa = XCVersionGroup;
			children = (
				F9149C55285E456300676DCB /* travelguide.xcdatamodel */,
			);
			currentVersion = F9149C55285E456300676DCB /* travelguide.xcdatamodel */;
			path = travelguide.xcdatamodeld;
			sourceTree = "<group>";
			versionGroupType = wrapper.xcdatamodel;
		};
/* End XCVersionGroup section */
	};
	rootObject = F9149C40285E456300676DCB /* Project object */;
}
